<?xml version="1.0" encoding="UTF-8"?>
<Scheme LastUpgradeVersion = "9999" version = "1.3">
  <BuildAction parallelizeBuildables = "YES" buildImplicitDependencies = "YES">
    <BuildActionEntries>
      <BuildActionEntry buildForTesting = "YES" buildForRunning = "YES" buildForProfiling = "YES" buildForArchiving = "YES" buildForAnalyzing = "YES">
        <BuildableReference
          BuildableIdentifier = "primary"
          BuildableName = "'lib$(TARGET_NAME)'"
          BlueprintName = "Common"
          ReferencedContainer = "container:URLImage.xcodeproj">
        </BuildableReference>
      </BuildActionEntry>
      <BuildActionEntry buildForTesting = "YES" buildForRunning = "YES" buildForProfiling = "YES" buildForArchiving = "YES" buildForAnalyzing = "YES">
        <BuildableReference
          BuildableIdentifier = "primary"
          BuildableName = "'lib$(TARGET_NAME)'"
          BlueprintName = "Log"
          ReferencedContainer = "container:URLImage.xcodeproj">
        </BuildableReference>
      </BuildActionEntry>
      <BuildActionEntry buildForTesting = "YES" buildForRunning = "YES" buildForProfiling = "YES" buildForArchiving = "YES" buildForAnalyzing = "YES">
        <BuildableReference
          BuildableIdentifier = "primary"
          BuildableName = "'lib$(TARGET_NAME)'"
          BlueprintName = "PlainDatabase"
          ReferencedContainer = "container:URLImage.xcodeproj">
        </BuildableReference>
      </BuildActionEntry>
      <BuildActionEntry buildForTesting = "YES" buildForRunning = "YES" buildForProfiling = "YES" buildForArchiving = "YES" buildForAnalyzing = "YES">
        <BuildableReference
          BuildableIdentifier = "primary"
          BuildableName = "'lib$(TARGET_NAME)'"
          BlueprintName = "ImageDecoder"
          ReferencedContainer = "container:URLImage.xcodeproj">
        </BuildableReference>
      </BuildActionEntry>
      <BuildActionEntry buildForTesting = "YES" buildForRunning = "YES" buildForProfiling = "YES" buildForArchiving = "YES" buildForAnalyzing = "YES">
        <BuildableReference
          BuildableIdentifier = "primary"
          BuildableName = "'lib$(TARGET_NAME)'"
          BlueprintName = "DownloadManager"
          ReferencedContainer = "container:URLImage.xcodeproj">
        </BuildableReference>
      </BuildActionEntry>
      <BuildActionEntry buildForTesting = "YES" buildForRunning = "YES" buildForProfiling = "YES" buildForArchiving = "YES" buildForAnalyzing = "YES">
        <BuildableReference
          BuildableIdentifier = "primary"
          BuildableName = "'lib$(TARGET_NAME)'"
          BlueprintName = "RemoteContentView"
          ReferencedContainer = "container:URLImage.xcodeproj">
        </BuildableReference>
      </BuildActionEntry>
      <BuildActionEntry buildForTesting = "YES" buildForRunning = "YES" buildForProfiling = "YES" buildForArchiving = "YES" buildForAnalyzing = "YES">
        <BuildableReference
          BuildableIdentifier = "primary"
          BuildableName = "'lib$(TARGET_NAME)'"
          BlueprintName = "URLImage"
          ReferencedContainer = "container:URLImage.xcodeproj">
        </BuildableReference>
      </BuildActionEntry>
      <BuildActionEntry buildForTesting = "YES" buildForRunning = "YES" buildForProfiling = "YES" buildForArchiving = "YES" buildForAnalyzing = "YES">
        <BuildableReference
          BuildableIdentifier = "primary"
          BuildableName = "'lib$(TARGET_NAME)'"
          BlueprintName = "FileIndex"
          ReferencedContainer = "container:URLImage.xcodeproj">
        </BuildableReference>
      </BuildActionEntry>
    </BuildActionEntries>
  </BuildAction>
  <TestAction
    buildConfiguration = "Debug"
    selectedDebuggerIdentifier = "Xcode.DebuggerFoundation.Debugger.LLDB"
    selectedLauncherIdentifier = "Xcode.DebuggerFoundation.Launcher.LLDB"
    shouldUseLaunchSchemeArgsEnv = "YES"
    codeCoverageEnabled = "NO">
    <Testables>
        <TestableReference
          skipped = "NO">
          <BuildableReference
            BuildableIdentifier = "primary"
            BuildableName = "'$(TARGET_NAME)'"
            BlueprintName = "URLImageTests"
            ReferencedContainer = "container:URLImage.xcodeproj">
          </BuildableReference>
        </TestableReference>
        <TestableReference
          skipped = "NO">
          <BuildableReference
            BuildableIdentifier = "primary"
            BuildableName = "'$(TARGET_NAME)'"
            BlueprintName = "PlainDatabaseTests"
            ReferencedContainer = "container:URLImage.xcodeproj">
          </BuildableReference>
        </TestableReference>
        <TestableReference
          skipped = "NO">
          <BuildableReference
            BuildableIdentifier = "primary"
            BuildableName = "'$(TARGET_NAME)'"
            BlueprintName = "ImageDecoderTests"
            ReferencedContainer = "container:URLImage.xcodeproj">
          </BuildableReference>
        </TestableReference>
        <TestableReference
          skipped = "NO">
          <BuildableReference
            BuildableIdentifier = "primary"
            BuildableName = "'$(TARGET_NAME)'"
            BlueprintName = "FileIndexTests"
            ReferencedContainer = "container:URLImage.xcodeproj">
          </BuildableReference>
        </TestableReference>
    </Testables>
  </TestAction>
</Scheme>
